<?xml version="1.0" encoding="UTF-8"?>
<Project ToolsVersion="4.0" xmlns="http://schemas.microsoft.com/developer/msbuild/2003">
	<ItemGroup>
			<ClInclude Include="g:\CRYENGINE_pc_eaascode\Code\Libs\lua\lua.waf_files">
				<Filter>_WAF_</Filter>
			</ClInclude>
			<ClInclude Include="g:\CRYENGINE_pc_eaascode\Code\Libs\lua\wscript">
				<Filter>_WAF_</Filter>
			</ClInclude>
			<ClCompile Include="g:\CRYENGINE_pc_eaascode\Code\SDKs\Lua\src\lapi.c">
			</ClCompile>
			<ClInclude Include="g:\CRYENGINE_pc_eaascode\Code\SDKs\Lua\src\lapi.h">
			</ClInclude>
			<ClCompile Include="g:\CRYENGINE_pc_eaascode\Code\SDKs\Lua\src\lauxlib.c">
			</ClCompile>
			<ClInclude Include="g:\CRYENGINE_pc_eaascode\Code\SDKs\Lua\src\lauxlib.h">
			</ClInclude>
			<ClCompile Include="g:\CRYENGINE_pc_eaascode\Code\SDKs\Lua\src\lbaselib.c">
			</ClCompile>
			<ClCompile Include="g:\CRYENGINE_pc_eaascode\Code\SDKs\Lua\src\lbitlib.c">
			</ClCompile>
			<ClCompile Include="g:\CRYENGINE_pc_eaascode\Code\SDKs\Lua\src\lcode.c">
			</ClCompile>
			<ClInclude Include="g:\CRYENGINE_pc_eaascode\Code\SDKs\Lua\src\lcode.h">
			</ClInclude>
			<ClCompile Include="g:\CRYENGINE_pc_eaascode\Code\SDKs\Lua\src\ldblib.c">
			</ClCompile>
			<ClCompile Include="g:\CRYENGINE_pc_eaascode\Code\SDKs\Lua\src\ldebug.c">
			</ClCompile>
			<ClInclude Include="g:\CRYENGINE_pc_eaascode\Code\SDKs\Lua\src\ldebug.h">
			</ClInclude>
			<ClCompile Include="g:\CRYENGINE_pc_eaascode\Code\SDKs\Lua\src\ldo.c">
			</ClCompile>
			<ClInclude Include="g:\CRYENGINE_pc_eaascode\Code\SDKs\Lua\src\ldo.h">
			</ClInclude>
			<ClCompile Include="g:\CRYENGINE_pc_eaascode\Code\SDKs\Lua\src\ldump.c">
			</ClCompile>
			<ClCompile Include="g:\CRYENGINE_pc_eaascode\Code\SDKs\Lua\src\lfunc.c">
			</ClCompile>
			<ClInclude Include="g:\CRYENGINE_pc_eaascode\Code\SDKs\Lua\src\lfunc.h">
			</ClInclude>
			<ClCompile Include="g:\CRYENGINE_pc_eaascode\Code\SDKs\Lua\src\lgc.c">
			</ClCompile>
			<ClInclude Include="g:\CRYENGINE_pc_eaascode\Code\SDKs\Lua\src\lgc.h">
			</ClInclude>
			<ClCompile Include="g:\CRYENGINE_pc_eaascode\Code\SDKs\Lua\src\linit.c">
			</ClCompile>
			<ClCompile Include="g:\CRYENGINE_pc_eaascode\Code\SDKs\Lua\src\liolib.c">
			</ClCompile>
			<ClCompile Include="g:\CRYENGINE_pc_eaascode\Code\SDKs\Lua\src\llex.c">
			</ClCompile>
			<ClInclude Include="g:\CRYENGINE_pc_eaascode\Code\SDKs\Lua\src\llex.h">
			</ClInclude>
			<ClInclude Include="g:\CRYENGINE_pc_eaascode\Code\SDKs\Lua\src\llimits.h">
			</ClInclude>
			<ClCompile Include="g:\CRYENGINE_pc_eaascode\Code\SDKs\Lua\src\lmathlib.c">
			</ClCompile>
			<ClCompile Include="g:\CRYENGINE_pc_eaascode\Code\SDKs\Lua\src\lmem.c">
			</ClCompile>
			<ClInclude Include="g:\CRYENGINE_pc_eaascode\Code\SDKs\Lua\src\lmem.h">
			</ClInclude>
			<ClCompile Include="g:\CRYENGINE_pc_eaascode\Code\SDKs\Lua\src\loadlib.c">
			</ClCompile>
			<ClCompile Include="g:\CRYENGINE_pc_eaascode\Code\SDKs\Lua\src\lobject.c">
			</ClCompile>
			<ClInclude Include="g:\CRYENGINE_pc_eaascode\Code\SDKs\Lua\src\lobject.h">
			</ClInclude>
			<ClCompile Include="g:\CRYENGINE_pc_eaascode\Code\SDKs\Lua\src\lopcodes.c">
			</ClCompile>
			<ClInclude Include="g:\CRYENGINE_pc_eaascode\Code\SDKs\Lua\src\lopcodes.h">
			</ClInclude>
			<ClCompile Include="g:\CRYENGINE_pc_eaascode\Code\SDKs\Lua\src\loslib.c">
			</ClCompile>
			<ClCompile Include="g:\CRYENGINE_pc_eaascode\Code\SDKs\Lua\src\lparser.c">
			</ClCompile>
			<ClInclude Include="g:\CRYENGINE_pc_eaascode\Code\SDKs\Lua\src\lparser.h">
			</ClInclude>
			<ClCompile Include="g:\CRYENGINE_pc_eaascode\Code\SDKs\Lua\src\lstate.c">
			</ClCompile>
			<ClInclude Include="g:\CRYENGINE_pc_eaascode\Code\SDKs\Lua\src\lstate.h">
			</ClInclude>
			<ClCompile Include="g:\CRYENGINE_pc_eaascode\Code\SDKs\Lua\src\lstring.c">
			</ClCompile>
			<ClInclude Include="g:\CRYENGINE_pc_eaascode\Code\SDKs\Lua\src\lstring.h">
			</ClInclude>
			<ClCompile Include="g:\CRYENGINE_pc_eaascode\Code\SDKs\Lua\src\lstrlib.c">
			</ClCompile>
			<ClCompile Include="g:\CRYENGINE_pc_eaascode\Code\SDKs\Lua\src\ltable.c">
			</ClCompile>
			<ClInclude Include="g:\CRYENGINE_pc_eaascode\Code\SDKs\Lua\src\ltable.h">
			</ClInclude>
			<ClCompile Include="g:\CRYENGINE_pc_eaascode\Code\SDKs\Lua\src\ltablib.c">
			</ClCompile>
			<ClCompile Include="g:\CRYENGINE_pc_eaascode\Code\SDKs\Lua\src\ltm.c">
			</ClCompile>
			<ClInclude Include="g:\CRYENGINE_pc_eaascode\Code\SDKs\Lua\src\ltm.h">
			</ClInclude>
			<ClInclude Include="g:\CRYENGINE_pc_eaascode\Code\SDKs\Lua\src\lua.h">
			</ClInclude>
			<ClCompile Include="g:\CRYENGINE_pc_eaascode\Code\SDKs\Lua\src\luac.c">
			</ClCompile>
			<ClInclude Include="g:\CRYENGINE_pc_eaascode\Code\SDKs\Lua\src\luaconf.h">
			</ClInclude>
			<ClInclude Include="g:\CRYENGINE_pc_eaascode\Code\SDKs\Lua\src\lualib.h">
			</ClInclude>
			<ClCompile Include="g:\CRYENGINE_pc_eaascode\Code\SDKs\Lua\src\lundump.c">
			</ClCompile>
			<ClInclude Include="g:\CRYENGINE_pc_eaascode\Code\SDKs\Lua\src\lundump.h">
			</ClInclude>
			<ClCompile Include="g:\CRYENGINE_pc_eaascode\Code\SDKs\Lua\src\lvm.c">
			</ClCompile>
			<ClInclude Include="g:\CRYENGINE_pc_eaascode\Code\SDKs\Lua\src\lvm.h">
			</ClInclude>
			<ClCompile Include="g:\CRYENGINE_pc_eaascode\Code\SDKs\Lua\src\lzio.c">
			</ClCompile>
			<ClInclude Include="g:\CRYENGINE_pc_eaascode\Code\SDKs\Lua\src\lzio.h">
			</ClInclude>
			<ClCompile Include="g:\CRYENGINE_pc_eaascode\Code\SDKs\Lua\src\print.c">
			</ClCompile>
	</ItemGroup>
	<ItemGroup>
			<Filter Include="_WAF_">
				<UniqueIdentifier>{88F32D28-D9A2-467A-82CE-4D592F9E94FE}</UniqueIdentifier>
			</Filter>
	</ItemGroup>
</Project>
