
Microsoft Visual Studio Solution File, Format Version 12.00
# Visual Studio 2013
VisualStudioVersion = 12.0.30501.0
MinimumVisualStudioVersion = 10.0.40219.1
Project("{FAE04EC0-301F-11D3-BF4B-00C04F79EFBC}") = "ttndbeditor", "ttndbeditor\ttndbeditor.csproj", "{E52CE2B9-E760-4DE1-8ADD-547375D8312D}"
EndProject
Global
	GlobalSection(SolutionConfigurationPlatforms) = preSolution
		Debug|Any CPU = Debug|Any CPU
		Release|Any CPU = Release|Any CPU
	EndGlobalSection
	GlobalSection(ProjectConfigurationPlatforms) = postSolution
		{E52CE2B9-E760-4DE1-8ADD-547375D8312D}.Debug|Any CPU.ActiveCfg = Debug|Any CPU
		{E52CE2B9-E760-4DE1-8ADD-547375D8312D}.Debug|Any CPU.Build.0 = Debug|Any CPU
		{E52CE2B9-E760-4DE1-8ADD-547375D8312D}.Release|Any CPU.ActiveCfg = Release|Any CPU
		{E52CE2B9-E760-4DE1-8ADD-547375D8312D}.Release|Any CPU.Build.0 = Release|Any CPU
	EndGlobalSection
	GlobalSection(SolutionProperties) = preSolution
		HideSolutionNode = FALSE
	EndGlobalSection
EndGlobal
