<?xml version="1.0" encoding="utf-8"?>
<Project ToolsVersion="4.0" xmlns="http://schemas.microsoft.com/developer/msbuild/2003">
  <ItemGroup>
    <Filter Include="Header Files">
      <UniqueIdentifier>{6bab7a7b-b4a1-4f8f-8e53-55dc24abb4e0}</UniqueIdentifier>
      <Extensions>h;hpp;hxx;hm;inl</Extensions>
    </Filter>
    <Filter Include="Source Files">
      <UniqueIdentifier>{93897fbf-0e57-4496-8ce8-351761d8272b}</UniqueIdentifier>
      <Extensions>cpp;c;cxx;rc;def;r;odl;idl;hpj;bat</Extensions>
    </Filter>
  </ItemGroup>
  <ItemGroup>
    <ClCompile Include="CrySoundSystem.cpp">
      <Filter>Source Files</Filter>
    </ClCompile>
    <ClCompile Include="SoundCVars.cpp">
      <Filter>Source Files</Filter>
    </ClCompile>
    <ClCompile Include="stdafx.cpp">
      <Filter>Source Files</Filter>
    </ClCompile>
    <ClCompile Include="AudioSystem.cpp">
      <Filter>Source Files</Filter>
    </ClCompile>
    <ClCompile Include="AudioRequests.cpp">
      <Filter>Source Files</Filter>
    </ClCompile>
    <ClCompile Include="ATL.cpp">
      <Filter>Source Files</Filter>
    </ClCompile>
    <ClCompile Include="stdafx.h">
      <Filter>Header Files</Filter>
    </ClCompile>
    <ClCompile Include="AudioSystemImpl_NULL.cpp">
      <Filter>Source Files</Filter>
    </ClCompile>
    <ClCompile Include="FileCacheManager.cpp">
      <Filter>Source Files</Filter>
    </ClCompile>
    <ClCompile Include="ATLComponents.cpp">
      <Filter>Source Files</Filter>
    </ClCompile>
    <ClCompile Include="ATLEntities.cpp">
      <Filter>Source Files</Filter>
    </ClCompile>
    <ClCompile Include="ATLAudioObject.cpp">
      <Filter>Source Files</Filter>
    </ClCompile>
    <ClCompile Include="AudioProxy.cpp">
      <Filter>Source Files</Filter>
    </ClCompile>
  </ItemGroup>
  <ItemGroup>
    <ResourceCompile Include="CrySoundSystem.rc">
      <Filter>Source Files</Filter>
    </ResourceCompile>
  </ItemGroup>
  <ItemGroup>
    <ClInclude Include="SoundCVars.h">
      <Filter>Header Files</Filter>
    </ClInclude>
    <ClInclude Include="AudioSystem.h">
      <Filter>Header Files</Filter>
    </ClInclude>
    <ClInclude Include="ATL.h">
      <Filter>Header Files</Filter>
    </ClInclude>
    <ClInclude Include="AudioInternalInterfaces.h">
      <Filter>Header Files</Filter>
    </ClInclude>
    <ClInclude Include="AudioSystemImpl_NULL.h">
      <Filter>Header Files</Filter>
    </ClInclude>
    <ClInclude Include="FileCacheManager.h">
      <Filter>Header Files</Filter>
    </ClInclude>
    <ClInclude Include="ATLComponents.h">
      <Filter>Header Files</Filter>
    </ClInclude>
    <ClInclude Include="resource.h">
      <Filter>Header Files</Filter>
    </ClInclude>
    <ClInclude Include="AudioProxy.h">
      <Filter>Header Files</Filter>
    </ClInclude>
    <ClInclude Include="ATLAudioObject.h">
      <Filter>Header Files</Filter>
    </ClInclude>
    <ClInclude Include="ATLEntities.h">
      <Filter>Header Files</Filter>
    </ClInclude>
    <ClInclude Include="ATLUtils.h">
      <Filter>Header Files</Filter>
    </ClInclude>
  </ItemGroup>
</Project>